github.com/jessevdk/go-flags v1.4.0/go.mod h1:4FA24M0QyGHXBuZZK/XkWh8h0e1EYbRYJSGM75WSRxI=
github.com/rolfl/modbus v0.0.2 h1:KubNhquwVFYcnn3q2wc+WgNn6VRUyTt/u9d7IzXVp24=
github.com/rolfl/modbus v0.0.2/go.mod h1:APjIiPnW55pH4eGAX5nKom4Zjza8NWrqN9VRcdGdzMc=
golang.org/x/sys v0.36.0 h1:KVRy2GtZBrk1cBYA7MKu5bEZFxQk4NIDV6RLVcC8o0k=
golang.org/x/sys v0.36.0/go.mod h1:OgkHotnGiDImocRcuBABYBEXf8A9a87e/uXjp9XT3ks=
